{
  "requires": true,
  "lockfileVersion": 1,
  "dependencies": {
    "fs": {
      "version": "0.0.1-security",
      "resolved": "https://registry.npmjs.org/fs/-/fs-0.0.1-security.tgz",
      "integrity": "sha1-invTcYa23d84E/I4WLV+yq9eQdQ="
    },
    "voice-speech-recognition": {
      "version": "1.1.2",
      "resolved": "https://registry.npmjs.org/voice-speech-recognition/-/voice-speech-recognition-1.1.2.tgz",
      "integrity": "sha512-wWpXhZA94nI7YT5gWyjaRTBMqQ2NUvdaMgJDvCYS3fgQqbcyP2hnlpBdH2AHRFrvWXGdTbQJx3rJKdKtBZ6srw=="
    }
  }
}
